
Microsoft Visual Studio Solution File, Format Version 12.00
# Visual Studio 15
Project("{FAE04EC0-301F-11D3-BF4B-00C04F79EFBC}") = "Game3d", "Game3d.csproj", "{58894E1A-B5D9-52D3-5833-18610B95D5DC}"
EndProject
Project("{FAE04EC0-301F-11D3-BF4B-00C04F79EFBC}") = "Game3d.Editor", "Game3d.Editor.csproj", "{5706850E-02D8-A77A-8A2F-E52D5EA5AC12}"
EndProject
Global
	GlobalSection(SolutionConfigurationPlatforms) = preSolution
		Debug|Any CPU = Debug|Any CPU
		Release|Any CPU = Release|Any CPU
	EndGlobalSection
	GlobalSection(ProjectConfigurationPlatforms) = postSolution
		{58894E1A-B5D9-52D3-5833-18610B95D5DC}.Debug|Any CPU.ActiveCfg = Debug|Any CPU
		{58894E1A-B5D9-52D3-5833-18610B95D5DC}.Debug|Any CPU.Build.0 = Debug|Any CPU
		{58894E1A-B5D9-52D3-5833-18610B95D5DC}.Release|Any CPU.ActiveCfg = Release|Any CPU
		{58894E1A-B5D9-52D3-5833-18610B95D5DC}.Release|Any CPU.Build.0 = Release|Any CPU
		{5706850E-02D8-A77A-8A2F-E52D5EA5AC12}.Debug|Any CPU.ActiveCfg = Debug|Any CPU
		{5706850E-02D8-A77A-8A2F-E52D5EA5AC12}.Debug|Any CPU.Build.0 = Debug|Any CPU
		{5706850E-02D8-A77A-8A2F-E52D5EA5AC12}.Release|Any CPU.ActiveCfg = Release|Any CPU
		{5706850E-02D8-A77A-8A2F-E52D5EA5AC12}.Release|Any CPU.Build.0 = Release|Any CPU
	EndGlobalSection
	GlobalSection(SolutionProperties) = preSolution
		HideSolutionNode = FALSE
	EndGlobalSection
EndGlobal
